lockfileVersion: '6.0'

settings:
  autoInstallPeers: true
  excludeLinksFromLockfile: false

dependencies:
  '@radix-ui/react-dialog':
    specifier: ^1.0.5
    version: 1.1.1(react-dom@18.3.1)(react@18.3.1)
  '@radix-ui/react-popover':
    specifier: ^1.1.1
    version: 1.1.1(react-dom@18.3.1)(react@18.3.1)
  '@radix-ui/react-switch':
    specifier: ^1.1.0
    version: 1.1.0(react-dom@18.3.1)(react@18.3.1)
  json-schema:
    specifier: ^0.4.0
    version: 0.4.0

packages:

  /@floating-ui/core@1.6.4:
    resolution: {integrity: sha512-a4IowK4QkXl4SCWTGUR0INAfEOX3wtsYw3rKK5InQEHMGObkR8Xk44qYQD9P4r6HHw0iIfK6GUKECmY8sTkqRA==}
    dependencies:
      '@floating-ui/utils': 0.2.4
    dev: false

  /@floating-ui/dom@1.6.7:
    resolution: {integrity: sha512-wmVfPG5o2xnKDU4jx/m4w5qva9FWHcnZ8BvzEe90D/RpwsJaTAVYPEPdQ8sbr/N8zZTAHlZUTQdqg8ZUbzHmng==}
    dependencies:
      '@floating-ui/core': 1.6.4
      '@floating-ui/utils': 0.2.4
    dev: false

  /@floating-ui/react-dom@2.1.1(react-dom@18.3.1)(react@18.3.1):
    resolution: {integrity: sha512-4h84MJt3CHrtG18mGsXuLCHMrug49d7DFkU0RMIyshRveBeyV2hmV/pDaF2Uxtu8kgq5r46llp5E5FQiR0K2Yg==}
    peerDependencies:
      react: '>=16.8.0'
      react-dom: '>=16.8.0'
    dependencies:
      '@floating-ui/dom': 1.6.7
      react: 18.3.1
      react-dom: 18.3.1(react@18.3.1)
    dev: false

  /@floating-ui/utils@0.2.4:
    resolution: {integrity: sha512-dWO2pw8hhi+WrXq1YJy2yCuWoL20PddgGaqTgVe4cOS9Q6qklXCiA1tJEqX6BEwRNSCP84/afac9hd4MS+zEUA==}
    dev: false

  /@radix-ui/primitive@1.1.0:
    resolution: {integrity: sha512-4Z8dn6Upk0qk4P74xBhZ6Hd/w0mPEzOOLxy4xiPXOXqjF7jZS0VAKk7/x/H6FyY2zCkYJqePf1G5KmkmNJ4RBA==}
    dev: false

  /@radix-ui/react-arrow@1.1.0(react-dom@18.3.1)(react@18.3.1):
    resolution: {integrity: sha512-FmlW1rCg7hBpEBwFbjHwCW6AmWLQM6g/v0Sn8XbP9NvmSZ2San1FpQeyPtufzOMSIx7Y4dzjlHoifhp+7NkZhw==}
    peerDependencies:
      '@types/react': '*'
      '@types/react-dom': '*'
      react: ^16.8 || ^17.0 || ^18.0 || ^19.0 || ^19.0.0-rc
      react-dom: ^16.8 || ^17.0 || ^18.0 || ^19.0 || ^19.0.0-rc
    peerDependenciesMeta:
      '@types/react':
        optional: true
      '@types/react-dom':
        optional: true
    dependencies:
      '@radix-ui/react-primitive': 2.0.0(react-dom@18.3.1)(react@18.3.1)
      react: 18.3.1
      react-dom: 18.3.1(react@18.3.1)
    dev: false

  /@radix-ui/react-compose-refs@1.1.0(react@18.3.1):
    resolution: {integrity: sha512-b4inOtiaOnYf9KWyO3jAeeCG6FeyfY6ldiEPanbUjWd+xIk5wZeHa8yVwmrJ2vderhu/BQvzCrJI0lHd+wIiqw==}
    peerDependencies:
      '@types/react': '*'
      react: ^16.8 || ^17.0 || ^18.0 || ^19.0 || ^19.0.0-rc
    peerDependenciesMeta:
      '@types/react':
        optional: true
    dependencies:
      react: 18.3.1
    dev: false

  /@radix-ui/react-context@1.1.0(react@18.3.1):
    resolution: {integrity: sha512-OKrckBy+sMEgYM/sMmqmErVn0kZqrHPJze+Ql3DzYsDDp0hl0L62nx/2122/Bvps1qz645jlcu2tD9lrRSdf8A==}
    peerDependencies:
      '@types/react': '*'
      react: ^16.8 || ^17.0 || ^18.0 || ^19.0 || ^19.0.0-rc
    peerDependenciesMeta:
      '@types/react':
        optional: true
    dependencies:
      react: 18.3.1
    dev: false

  /@radix-ui/react-dialog@1.1.1(react-dom@18.3.1)(react@18.3.1):
    resolution: {integrity: sha512-zysS+iU4YP3STKNS6USvFVqI4qqx8EpiwmT5TuCApVEBca+eRCbONi4EgzfNSuVnOXvC5UPHHMjs8RXO6DH9Bg==}
    peerDependencies:
      '@types/react': '*'
      '@types/react-dom': '*'
      react: ^16.8 || ^17.0 || ^18.0 || ^19.0 || ^19.0.0-rc
      react-dom: ^16.8 || ^17.0 || ^18.0 || ^19.0 || ^19.0.0-rc
    peerDependenciesMeta:
      '@types/react':
        optional: true
      '@types/react-dom':
        optional: true
    dependencies:
      '@radix-ui/primitive': 1.1.0
      '@radix-ui/react-compose-refs': 1.1.0(react@18.3.1)
      '@radix-ui/react-context': 1.1.0(react@18.3.1)
      '@radix-ui/react-dismissable-layer': 1.1.0(react-dom@18.3.1)(react@18.3.1)
      '@radix-ui/react-focus-guards': 1.1.0(react@18.3.1)
      '@radix-ui/react-focus-scope': 1.1.0(react-dom@18.3.1)(react@18.3.1)
      '@radix-ui/react-id': 1.1.0(react@18.3.1)
      '@radix-ui/react-portal': 1.1.1(react-dom@18.3.1)(react@18.3.1)
      '@radix-ui/react-presence': 1.1.0(react-dom@18.3.1)(react@18.3.1)
      '@radix-ui/react-primitive': 2.0.0(react-dom@18.3.1)(react@18.3.1)
      '@radix-ui/react-slot': 1.1.0(react@18.3.1)
      '@radix-ui/react-use-controllable-state': 1.1.0(react@18.3.1)
      aria-hidden: 1.2.4
      react: 18.3.1
      react-dom: 18.3.1(react@18.3.1)
      react-remove-scroll: 2.5.7(react@18.3.1)
    dev: false

  /@radix-ui/react-dismissable-layer@1.1.0(react-dom@18.3.1)(react@18.3.1):
    resolution: {integrity: sha512-/UovfmmXGptwGcBQawLzvn2jOfM0t4z3/uKffoBlj724+n3FvBbZ7M0aaBOmkp6pqFYpO4yx8tSVJjx3Fl2jig==}
    peerDependencies:
      '@types/react': '*'
      '@types/react-dom': '*'
      react: ^16.8 || ^17.0 || ^18.0 || ^19.0 || ^19.0.0-rc
      react-dom: ^16.8 || ^17.0 || ^18.0 || ^19.0 || ^19.0.0-rc
    peerDependenciesMeta:
      '@types/react':
        optional: true
      '@types/react-dom':
        optional: true
    dependencies:
      '@radix-ui/primitive': 1.1.0
      '@radix-ui/react-compose-refs': 1.1.0(react@18.3.1)
      '@radix-ui/react-primitive': 2.0.0(react-dom@18.3.1)(react@18.3.1)
      '@radix-ui/react-use-callback-ref': 1.1.0(react@18.3.1)
      '@radix-ui/react-use-escape-keydown': 1.1.0(react@18.3.1)
      react: 18.3.1
      react-dom: 18.3.1(react@18.3.1)
    dev: false

  /@radix-ui/react-focus-guards@1.1.0(react@18.3.1):
    resolution: {integrity: sha512-w6XZNUPVv6xCpZUqb/yN9DL6auvpGX3C/ee6Hdi16v2UUy25HV2Q5bcflsiDyT/g5RwbPQ/GIT1vLkeRb+ITBw==}
    peerDependencies:
      '@types/react': '*'
      react: ^16.8 || ^17.0 || ^18.0 || ^19.0 || ^19.0.0-rc
    peerDependenciesMeta:
      '@types/react':
        optional: true
    dependencies:
      react: 18.3.1
    dev: false

  /@radix-ui/react-focus-scope@1.1.0(react-dom@18.3.1)(react@18.3.1):
    resolution: {integrity: sha512-200UD8zylvEyL8Bx+z76RJnASR2gRMuxlgFCPAe/Q/679a/r0eK3MBVYMb7vZODZcffZBdob1EGnky78xmVvcA==}
    peerDependencies:
      '@types/react': '*'
      '@types/react-dom': '*'
      react: ^16.8 || ^17.0 || ^18.0 || ^19.0 || ^19.0.0-rc
      react-dom: ^16.8 || ^17.0 || ^18.0 || ^19.0 || ^19.0.0-rc
    peerDependenciesMeta:
      '@types/react':
        optional: true
      '@types/react-dom':
        optional: true
    dependencies:
      '@radix-ui/react-compose-refs': 1.1.0(react@18.3.1)
      '@radix-ui/react-primitive': 2.0.0(react-dom@18.3.1)(react@18.3.1)
      '@radix-ui/react-use-callback-ref': 1.1.0(react@18.3.1)
      react: 18.3.1
      react-dom: 18.3.1(react@18.3.1)
    dev: false

  /@radix-ui/react-id@1.1.0(react@18.3.1):
    resolution: {integrity: sha512-EJUrI8yYh7WOjNOqpoJaf1jlFIH2LvtgAl+YcFqNCa+4hj64ZXmPkAKOFs/ukjz3byN6bdb/AVUqHkI8/uWWMA==}
    peerDependencies:
      '@types/react': '*'
      react: ^16.8 || ^17.0 || ^18.0 || ^19.0 || ^19.0.0-rc
    peerDependenciesMeta:
      '@types/react':
        optional: true
    dependencies:
      '@radix-ui/react-use-layout-effect': 1.1.0(react@18.3.1)
      react: 18.3.1
    dev: false

  /@radix-ui/react-popover@1.1.1(react-dom@18.3.1)(react@18.3.1):
    resolution: {integrity: sha512-3y1A3isulwnWhvTTwmIreiB8CF4L+qRjZnK1wYLO7pplddzXKby/GnZ2M7OZY3qgnl6p9AodUIHRYGXNah8Y7g==}
    peerDependencies:
      '@types/react': '*'
      '@types/react-dom': '*'
      react: ^16.8 || ^17.0 || ^18.0 || ^19.0 || ^19.0.0-rc
      react-dom: ^16.8 || ^17.0 || ^18.0 || ^19.0 || ^19.0.0-rc
    peerDependenciesMeta:
      '@types/react':
        optional: true
      '@types/react-dom':
        optional: true
    dependencies:
      '@radix-ui/primitive': 1.1.0
      '@radix-ui/react-compose-refs': 1.1.0(react@18.3.1)
      '@radix-ui/react-context': 1.1.0(react@18.3.1)
      '@radix-ui/react-dismissable-layer': 1.1.0(react-dom@18.3.1)(react@18.3.1)
      '@radix-ui/react-focus-guards': 1.1.0(react@18.3.1)
      '@radix-ui/react-focus-scope': 1.1.0(react-dom@18.3.1)(react@18.3.1)
      '@radix-ui/react-id': 1.1.0(react@18.3.1)
      '@radix-ui/react-popper': 1.2.0(react-dom@18.3.1)(react@18.3.1)
      '@radix-ui/react-portal': 1.1.1(react-dom@18.3.1)(react@18.3.1)
      '@radix-ui/react-presence': 1.1.0(react-dom@18.3.1)(react@18.3.1)
      '@radix-ui/react-primitive': 2.0.0(react-dom@18.3.1)(react@18.3.1)
      '@radix-ui/react-slot': 1.1.0(react@18.3.1)
      '@radix-ui/react-use-controllable-state': 1.1.0(react@18.3.1)
      aria-hidden: 1.2.4
      react: 18.3.1
      react-dom: 18.3.1(react@18.3.1)
      react-remove-scroll: 2.5.7(react@18.3.1)
    dev: false

  /@radix-ui/react-popper@1.2.0(react-dom@18.3.1)(react@18.3.1):
    resolution: {integrity: sha512-ZnRMshKF43aBxVWPWvbj21+7TQCvhuULWJ4gNIKYpRlQt5xGRhLx66tMp8pya2UkGHTSlhpXwmjqltDYHhw7Vg==}
    peerDependencies:
      '@types/react': '*'
      '@types/react-dom': '*'
      react: ^16.8 || ^17.0 || ^18.0 || ^19.0 || ^19.0.0-rc
      react-dom: ^16.8 || ^17.0 || ^18.0 || ^19.0 || ^19.0.0-rc
    peerDependenciesMeta:
      '@types/react':
        optional: true
      '@types/react-dom':
        optional: true
    dependencies:
      '@floating-ui/react-dom': 2.1.1(react-dom@18.3.1)(react@18.3.1)
      '@radix-ui/react-arrow': 1.1.0(react-dom@18.3.1)(react@18.3.1)
      '@radix-ui/react-compose-refs': 1.1.0(react@18.3.1)
      '@radix-ui/react-context': 1.1.0(react@18.3.1)
      '@radix-ui/react-primitive': 2.0.0(react-dom@18.3.1)(react@18.3.1)
      '@radix-ui/react-use-callback-ref': 1.1.0(react@18.3.1)
      '@radix-ui/react-use-layout-effect': 1.1.0(react@18.3.1)
      '@radix-ui/react-use-rect': 1.1.0(react@18.3.1)
      '@radix-ui/react-use-size': 1.1.0(react@18.3.1)
      '@radix-ui/rect': 1.1.0
      react: 18.3.1
      react-dom: 18.3.1(react@18.3.1)
    dev: false

  /@radix-ui/react-portal@1.1.1(react-dom@18.3.1)(react@18.3.1):
    resolution: {integrity: sha512-A3UtLk85UtqhzFqtoC8Q0KvR2GbXF3mtPgACSazajqq6A41mEQgo53iPzY4i6BwDxlIFqWIhiQ2G729n+2aw/g==}
    peerDependencies:
      '@types/react': '*'
      '@types/react-dom': '*'
      react: ^16.8 || ^17.0 || ^18.0 || ^19.0 || ^19.0.0-rc
      react-dom: ^16.8 || ^17.0 || ^18.0 || ^19.0 || ^19.0.0-rc
    peerDependenciesMeta:
      '@types/react':
        optional: true
      '@types/react-dom':
        optional: true
    dependencies:
      '@radix-ui/react-primitive': 2.0.0(react-dom@18.3.1)(react@18.3.1)
      '@radix-ui/react-use-layout-effect': 1.1.0(react@18.3.1)
      react: 18.3.1
      react-dom: 18.3.1(react@18.3.1)
    dev: false

  /@radix-ui/react-presence@1.1.0(react-dom@18.3.1)(react@18.3.1):
    resolution: {integrity: sha512-Gq6wuRN/asf9H/E/VzdKoUtT8GC9PQc9z40/vEr0VCJ4u5XvvhWIrSsCB6vD2/cH7ugTdSfYq9fLJCcM00acrQ==}
    peerDependencies:
      '@types/react': '*'
      '@types/react-dom': '*'
      react: ^16.8 || ^17.0 || ^18.0 || ^19.0 || ^19.0.0-rc
      react-dom: ^16.8 || ^17.0 || ^18.0 || ^19.0 || ^19.0.0-rc
    peerDependenciesMeta:
      '@types/react':
        optional: true
      '@types/react-dom':
        optional: true
    dependencies:
      '@radix-ui/react-compose-refs': 1.1.0(react@18.3.1)
      '@radix-ui/react-use-layout-effect': 1.1.0(react@18.3.1)
      react: 18.3.1
      react-dom: 18.3.1(react@18.3.1)
    dev: false

  /@radix-ui/react-primitive@2.0.0(react-dom@18.3.1)(react@18.3.1):
    resolution: {integrity: sha512-ZSpFm0/uHa8zTvKBDjLFWLo8dkr4MBsiDLz0g3gMUwqgLHz9rTaRRGYDgvZPtBJgYCBKXkS9fzmoySgr8CO6Cw==}
    peerDependencies:
      '@types/react': '*'
      '@types/react-dom': '*'
      react: ^16.8 || ^17.0 || ^18.0 || ^19.0 || ^19.0.0-rc
      react-dom: ^16.8 || ^17.0 || ^18.0 || ^19.0 || ^19.0.0-rc
    peerDependenciesMeta:
      '@types/react':
        optional: true
      '@types/react-dom':
        optional: true
    dependencies:
      '@radix-ui/react-slot': 1.1.0(react@18.3.1)
      react: 18.3.1
      react-dom: 18.3.1(react@18.3.1)
    dev: false

  /@radix-ui/react-slot@1.1.0(react@18.3.1):
    resolution: {integrity: sha512-FUCf5XMfmW4dtYl69pdS4DbxKy8nj4M7SafBgPllysxmdachynNflAdp/gCsnYWNDnge6tI9onzMp5ARYc1KNw==}
    peerDependencies:
      '@types/react': '*'
      react: ^16.8 || ^17.0 || ^18.0 || ^19.0 || ^19.0.0-rc
    peerDependenciesMeta:
      '@types/react':
        optional: true
    dependencies:
      '@radix-ui/react-compose-refs': 1.1.0(react@18.3.1)
      react: 18.3.1
    dev: false

  /@radix-ui/react-switch@1.1.0(react-dom@18.3.1)(react@18.3.1):
    resolution: {integrity: sha512-OBzy5WAj641k0AOSpKQtreDMe+isX0MQJ1IVyF03ucdF3DunOnROVrjWs8zsXUxC3zfZ6JL9HFVCUlMghz9dJw==}
    peerDependencies:
      '@types/react': '*'
      '@types/react-dom': '*'
      react: ^16.8 || ^17.0 || ^18.0 || ^19.0 || ^19.0.0-rc
      react-dom: ^16.8 || ^17.0 || ^18.0 || ^19.0 || ^19.0.0-rc
    peerDependenciesMeta:
      '@types/react':
        optional: true
      '@types/react-dom':
        optional: true
    dependencies:
      '@radix-ui/primitive': 1.1.0
      '@radix-ui/react-compose-refs': 1.1.0(react@18.3.1)
      '@radix-ui/react-context': 1.1.0(react@18.3.1)
      '@radix-ui/react-primitive': 2.0.0(react-dom@18.3.1)(react@18.3.1)
      '@radix-ui/react-use-controllable-state': 1.1.0(react@18.3.1)
      '@radix-ui/react-use-previous': 1.1.0(react@18.3.1)
      '@radix-ui/react-use-size': 1.1.0(react@18.3.1)
      react: 18.3.1
      react-dom: 18.3.1(react@18.3.1)
    dev: false

  /@radix-ui/react-use-callback-ref@1.1.0(react@18.3.1):
    resolution: {integrity: sha512-CasTfvsy+frcFkbXtSJ2Zu9JHpN8TYKxkgJGWbjiZhFivxaeW7rMeZt7QELGVLaYVfFMsKHjb7Ak0nMEe+2Vfw==}
    peerDependencies:
      '@types/react': '*'
      react: ^16.8 || ^17.0 || ^18.0 || ^19.0 || ^19.0.0-rc
    peerDependenciesMeta:
      '@types/react':
        optional: true
    dependencies:
      react: 18.3.1
    dev: false

  /@radix-ui/react-use-controllable-state@1.1.0(react@18.3.1):
    resolution: {integrity: sha512-MtfMVJiSr2NjzS0Aa90NPTnvTSg6C/JLCV7ma0W6+OMV78vd8OyRpID+Ng9LxzsPbLeuBnWBA1Nq30AtBIDChw==}
    peerDependencies:
      '@types/react': '*'
      react: ^16.8 || ^17.0 || ^18.0 || ^19.0 || ^19.0.0-rc
    peerDependenciesMeta:
      '@types/react':
        optional: true
    dependencies:
      '@radix-ui/react-use-callback-ref': 1.1.0(react@18.3.1)
      react: 18.3.1
    dev: false

  /@radix-ui/react-use-escape-keydown@1.1.0(react@18.3.1):
    resolution: {integrity: sha512-L7vwWlR1kTTQ3oh7g1O0CBF3YCyyTj8NmhLR+phShpyA50HCfBFKVJTpshm9PzLiKmehsrQzTYTpX9HvmC9rhw==}
    peerDependencies:
      '@types/react': '*'
      react: ^16.8 || ^17.0 || ^18.0 || ^19.0 || ^19.0.0-rc
    peerDependenciesMeta:
      '@types/react':
        optional: true
    dependencies:
      '@radix-ui/react-use-callback-ref': 1.1.0(react@18.3.1)
      react: 18.3.1
    dev: false

  /@radix-ui/react-use-layout-effect@1.1.0(react@18.3.1):
    resolution: {integrity: sha512-+FPE0rOdziWSrH9athwI1R0HDVbWlEhd+FR+aSDk4uWGmSJ9Z54sdZVDQPZAinJhJXwfT+qnj969mCsT2gfm5w==}
    peerDependencies:
      '@types/react': '*'
      react: ^16.8 || ^17.0 || ^18.0 || ^19.0 || ^19.0.0-rc
    peerDependenciesMeta:
      '@types/react':
        optional: true
    dependencies:
      react: 18.3.1
    dev: false

  /@radix-ui/react-use-previous@1.1.0(react@18.3.1):
    resolution: {integrity: sha512-Z/e78qg2YFnnXcW88A4JmTtm4ADckLno6F7OXotmkQfeuCVaKuYzqAATPhVzl3delXE7CxIV8shofPn3jPc5Og==}
    peerDependencies:
      '@types/react': '*'
      react: ^16.8 || ^17.0 || ^18.0 || ^19.0 || ^19.0.0-rc
    peerDependenciesMeta:
      '@types/react':
        optional: true
    dependencies:
      react: 18.3.1
    dev: false

  /@radix-ui/react-use-rect@1.1.0(react@18.3.1):
    resolution: {integrity: sha512-0Fmkebhr6PiseyZlYAOtLS+nb7jLmpqTrJyv61Pe68MKYW6OWdRE2kI70TaYY27u7H0lajqM3hSMMLFq18Z7nQ==}
    peerDependencies:
      '@types/react': '*'
      react: ^16.8 || ^17.0 || ^18.0 || ^19.0 || ^19.0.0-rc
    peerDependenciesMeta:
      '@types/react':
        optional: true
    dependencies:
      '@radix-ui/rect': 1.1.0
      react: 18.3.1
    dev: false

  /@radix-ui/react-use-size@1.1.0(react@18.3.1):
    resolution: {integrity: sha512-XW3/vWuIXHa+2Uwcc2ABSfcCledmXhhQPlGbfcRXbiUQI5Icjcg19BGCZVKKInYbvUCut/ufbbLLPFC5cbb1hw==}
    peerDependencies:
      '@types/react': '*'
      react: ^16.8 || ^17.0 || ^18.0 || ^19.0 || ^19.0.0-rc
    peerDependenciesMeta:
      '@types/react':
        optional: true
    dependencies:
      '@radix-ui/react-use-layout-effect': 1.1.0(react@18.3.1)
      react: 18.3.1
    dev: false

  /@radix-ui/rect@1.1.0:
    resolution: {integrity: sha512-A9+lCBZoaMJlVKcRBz2YByCG+Cp2t6nAnMnNba+XiWxnj6r4JUFqfsgwocMBZU9LPtdxC6wB56ySYpc7LQIoJg==}
    dev: false

  /aria-hidden@1.2.4:
    resolution: {integrity: sha512-y+CcFFwelSXpLZk/7fMB2mUbGtX9lKycf1MWJ7CaTIERyitVlyQx6C+sxcROU2BAJ24OiZyK+8wj2i8AlBoS3A==}
    engines: {node: '>=10'}
    dependencies:
      tslib: 2.6.3
    dev: false

  /detect-node-es@1.1.0:
    resolution: {integrity: sha512-ypdmJU/TbBby2Dxibuv7ZLW3Bs1QEmM7nHjEANfohJLvE0XVujisn1qPJcZxg+qDucsr+bP6fLD1rPS3AhJ7EQ==}
    dev: false

  /get-nonce@1.0.1:
    resolution: {integrity: sha512-FJhYRoDaiatfEkUK8HKlicmu/3SGFD51q3itKDGoSTysQJBnfOcxU5GxnhE1E6soB76MbT0MBtnKJuXyAx+96Q==}
    engines: {node: '>=6'}
    dev: false

  /invariant@2.2.4:
    resolution: {integrity: sha512-phJfQVBuaJM5raOpJjSfkiD6BpbCE4Ns//LaXl6wGYtUBY83nWS6Rf9tXm2e8VaK60JEjYldbPif/A2B1C2gNA==}
    dependencies:
      loose-envify: 1.4.0
    dev: false

  /js-tokens@4.0.0:
    resolution: {integrity: sha512-RdJUflcE3cUzKiMqQgsCu06FPu9UdIJO0beYbPhHN4k6apgJtifcoCtT9bcxOpYBtpD2kCM6Sbzg4CausW/PKQ==}
    dev: false

  /json-schema@0.4.0:
    resolution: {integrity: sha512-es94M3nTIfsEPisRafak+HDLfHXnKBhV3vU5eqPcS3flIWqcxJWgXHXiey3YrpaNsanY5ei1VoYEbOzijuq9BA==}
    dev: false

  /loose-envify@1.4.0:
    resolution: {integrity: sha512-lyuxPGr/Wfhrlem2CL/UcnUc1zcqKAImBDzukY7Y5F/yQiNdko6+fRLevlw1HgMySw7f611UIY408EtxRSoK3Q==}
    hasBin: true
    dependencies:
      js-tokens: 4.0.0
    dev: false

  /react-dom@18.3.1(react@18.3.1):
    resolution: {integrity: sha512-5m4nQKp+rZRb09LNH59GM4BxTh9251/ylbKIbpe7TpGxfJ+9kv6BLkLBXIjjspbgbnIBNqlI23tRnTWT0snUIw==}
    peerDependencies:
      react: ^18.3.1
    dependencies:
      loose-envify: 1.4.0
      react: 18.3.1
      scheduler: 0.23.2
    dev: false

  /react-remove-scroll-bar@2.3.6(react@18.3.1):
    resolution: {integrity: sha512-DtSYaao4mBmX+HDo5YWYdBWQwYIQQshUV/dVxFxK+KM26Wjwp1gZ6rv6OC3oujI6Bfu6Xyg3TwK533AQutsn/g==}
    engines: {node: '>=10'}
    peerDependencies:
      '@types/react': ^16.8.0 || ^17.0.0 || ^18.0.0
      react: ^16.8.0 || ^17.0.0 || ^18.0.0
    peerDependenciesMeta:
      '@types/react':
        optional: true
    dependencies:
      react: 18.3.1
      react-style-singleton: 2.2.1(react@18.3.1)
      tslib: 2.6.3
    dev: false

  /react-remove-scroll@2.5.7(react@18.3.1):
    resolution: {integrity: sha512-FnrTWO4L7/Bhhf3CYBNArEG/yROV0tKmTv7/3h9QCFvH6sndeFf1wPqOcbFVu5VAulS5dV1wGT3GZZ/1GawqiA==}
    engines: {node: '>=10'}
    peerDependencies:
      '@types/react': ^16.8.0 || ^17.0.0 || ^18.0.0
      react: ^16.8.0 || ^17.0.0 || ^18.0.0
    peerDependenciesMeta:
      '@types/react':
        optional: true
    dependencies:
      react: 18.3.1
      react-remove-scroll-bar: 2.3.6(react@18.3.1)
      react-style-singleton: 2.2.1(react@18.3.1)
      tslib: 2.6.3
      use-callback-ref: 1.3.2(react@18.3.1)
      use-sidecar: 1.1.2(react@18.3.1)
    dev: false

  /react-style-singleton@2.2.1(react@18.3.1):
    resolution: {integrity: sha512-ZWj0fHEMyWkHzKYUr2Bs/4zU6XLmq9HsgBURm7g5pAVfyn49DgUiNgY2d4lXRlYSiCif9YBGpQleewkcqddc7g==}
    engines: {node: '>=10'}
    peerDependencies:
      '@types/react': ^16.8.0 || ^17.0.0 || ^18.0.0
      react: ^16.8.0 || ^17.0.0 || ^18.0.0
    peerDependenciesMeta:
      '@types/react':
        optional: true
    dependencies:
      get-nonce: 1.0.1
      invariant: 2.2.4
      react: 18.3.1
      tslib: 2.6.3
    dev: false

  /react@18.3.1:
    resolution: {integrity: sha512-wS+hAgJShR0KhEvPJArfuPVN1+Hz1t0Y6n5jLrGQbkb4urgPE/0Rve+1kMB1v/oWgHgm4WIcV+i7F2pTVj+2iQ==}
    engines: {node: '>=0.10.0'}
    dependencies:
      loose-envify: 1.4.0
    dev: false

  /scheduler@0.23.2:
    resolution: {integrity: sha512-UOShsPwz7NrMUqhR6t0hWjFduvOzbtv7toDH1/hIrfRNIDBnnBWd0CwJTGvTpngVlmwGCdP9/Zl/tVrDqcuYzQ==}
    dependencies:
      loose-envify: 1.4.0
    dev: false

  /tslib@2.6.3:
    resolution: {integrity: sha512-xNvxJEOUiWPGhUuUdQgAJPKOOJfGnIyKySOc09XkKsgdUV/3E2zvwZYdejjmRgPCgcym1juLH3226yA7sEFJKQ==}
    dev: false

  /use-callback-ref@1.3.2(react@18.3.1):
    resolution: {integrity: sha512-elOQwe6Q8gqZgDA8mrh44qRTQqpIHDcZ3hXTLjBe1i4ph8XpNJnO+aQf3NaG+lriLopI4HMx9VjQLfPQ6vhnoA==}
    engines: {node: '>=10'}
    peerDependencies:
      '@types/react': ^16.8.0 || ^17.0.0 || ^18.0.0
      react: ^16.8.0 || ^17.0.0 || ^18.0.0
    peerDependenciesMeta:
      '@types/react':
        optional: true
    dependencies:
      react: 18.3.1
      tslib: 2.6.3
    dev: false

  /use-sidecar@1.1.2(react@18.3.1):
    resolution: {integrity: sha512-epTbsLuzZ7lPClpz2TyryBfztm7m+28DlEv2ZCQ3MDr5ssiwyOwGH/e5F9CkfWjJ1t4clvI58yF822/GUkjjhw==}
    engines: {node: '>=10'}
    peerDependencies:
      '@types/react': ^16.9.0 || ^17.0.0 || ^18.0.0
      react: ^16.8.0 || ^17.0.0 || ^18.0.0
    peerDependenciesMeta:
      '@types/react':
        optional: true
    dependencies:
      detect-node-es: 1.1.0
      react: 18.3.1
      tslib: 2.6.3
    dev: false
