github.com/aperturerobotics/json-iterator-lite v1.1.0 h1:ZLLqHhHTKYlmCAP873ras2e/yVU/THtwC+ji3tXLMMg=
github.com/aperturerobotics/json-iterator-lite v1.1.0/go.mod h1:SvGGBv3OVxUyqO0ZxA/nvs6z3cg7NIbZ64TnbV2OISo=
github.com/aperturerobotics/protobuf-go-lite v0.16.0 h1:McGR0jrc15ZkH8HUpAARDOtazjwqr+uYXVHrrR59K28=
github.com/aperturerobotics/protobuf-go-lite v0.16.0/go.mod h1:3Ay/E7iaw2KWLirK3+dDdNJZHK0hu8Y1/kKeYeUa+8s=
github.com/btcsuite/btclog v0.0.0-20170628155309-84c8d2346e9f h1:bAs4lUbRJpnnkd9VhRV3jjAVU7DJVjMaK+IsvSeZvFo=
github.com/btcsuite/btclog v0.0.0-20170628155309-84c8d2346e9f/go.mod h1:TdznJufoqS23FtqVCzL0ZqgP5MqXbb4fg/WgDys70nA=
github.com/davecgh/go-spew v1.1.1 h1:vj9j/u1bqnvCEfJOwUhtlOARqs3+rkHYY13jYWTU97c=
github.com/davecgh/go-spew v1.1.1/go.mod h1:J7Y8YcW2NihsgmVo/mv3lAwl/skON4iLHjSsI+c5H38=
github.com/google/go-cmp v0.7.0 h1:wk8382ETsv4JYUZwIsn6YpYiWiBsYLSJiTsyBybVuN8=
github.com/google/go-cmp v0.7.0/go.mod h1:pXiqmnSA92OHEEa9HXL2W4E7lf9JzCmGVUdgjX3N/iU=
github.com/lbryio/lbcd v0.22.119 h1:eWUUYDO0ilQzaHQIyAZywshTGmVIvK9WMl2fGMQ990I=
github.com/lbryio/lbcd v0.22.119/go.mod h1:YZ2Vi4khEheO7hllkWhDdScXmHhXCBzK4xIQcVDcozs=
github.com/lbryio/lbcutil v1.0.202 h1:L0aRMs2bdCUAicD8Xe4NmUEvevDDea3qkIpCSACnftI=
github.com/lbryio/lbcutil v1.0.202/go.mod h1:LGPtVBBzh4cFXfLFb8ginlFcbA2QwumLNFd0yk/as2o=
github.com/mr-tron/base58 v1.2.0 h1:T/HDJBh4ZCPbU39/+c3rRvE0uKBQlU27+QI8LJ4t64o=
github.com/mr-tron/base58 v1.2.0/go.mod h1:BinMc/sQntlIE1frQmRFPUoPA1Zkr8VRgBdjWI2mNwc=
github.com/pmezard/go-difflib v1.0.0 h1:4DBwDE0NGyQoBHbLQYPwSUPoCMWR5BEzIk/f1lZbAQM=
github.com/pmezard/go-difflib v1.0.0/go.mod h1:iKH77koFhYxTK1pcRnkKkqfTogsbg7gZNVY4sRDYZ/4=
github.com/stretchr/testify v1.11.1 h1:7s2iGBzp5EwR7/aIZr8ao5+dra3wiQyKjjFuvgVKu7U=
github.com/stretchr/testify v1.11.1/go.mod h1:wZwfW3scLgRK+23gO65QZefKpKQRnfz6sD981Nm4B6U=
go.lumeweb.com/liblbry v0.0.0-20260730184920-d8b3ab6f1372 h1:7VdAaRT1KE0zFyno5EyTlsncrBAtw864UOmLkyJzwV0=
go.lumeweb.com/liblbry v0.0.0-20260730184920-d8b3ab6f1372/go.mod h1:q9QvX66Ec1rKZvgg/tz9l3YB6JR4K3237up4j6q+3hg=
golang.org/x/crypto v0.52.0 h1:RMs7fP2rXdep0CftQlK8Uf+kibLm7qkCcradZWYz988=
golang.org/x/crypto v0.52.0/go.mod h1:1QgfPxDqh0T2M/elOJtp9RvuR95kVjir0e6/BvEmGbc=
golang.org/x/text v0.37.0 h1:Cqjiwd9eSg8e0QAkyCaQTNHFIIzWtidPahFWR83rTrc=
golang.org/x/text v0.37.0/go.mod h1:a5sjxXGs9hsn/AJVwuElvCAo9v8QYLzvavO5z2PiM38=
gopkg.in/yaml.v3 v3.0.1 h1:fxVm/GzAzEWqLHuvctI91KS9hhNmmWOoWu0XTYJS7CA=
gopkg.in/yaml.v3 v3.0.1/go.mod h1:K4uyk7z7BCEPqu6E+C64Yfv1cQ7kz7rIZviUmN+EgEM=
